
Microsoft Visual Studio Solution File, Format Version 12.00
# Visual Studio 2012
Project("{FAE04EC0-301F-11D3-BF4B-00C04F79EFBC}") = "ClanBot_Service", "ClanBot_Service\ClanBot_Service.csproj", "{FC004E5E-0CC3-4672-B1DC-F3560B7E135D}"
EndProject
Global
	GlobalSection(SolutionConfigurationPlatforms) = preSolution
		Debug|Any CPU = Debug|Any CPU
		Release|Any CPU = Release|Any CPU
	EndGlobalSection
	GlobalSection(ProjectConfigurationPlatforms) = postSolution
		{FC004E5E-0CC3-4672-B1DC-F3560B7E135D}.Debug|Any CPU.ActiveCfg = Debug|Any CPU
		{FC004E5E-0CC3-4672-B1DC-F3560B7E135D}.Debug|Any CPU.Build.0 = Debug|Any CPU
		{FC004E5E-0CC3-4672-B1DC-F3560B7E135D}.Release|Any CPU.ActiveCfg = Release|Any CPU
		{FC004E5E-0CC3-4672-B1DC-F3560B7E135D}.Release|Any CPU.Build.0 = Release|Any CPU
	EndGlobalSection
	GlobalSection(SolutionProperties) = preSolution
		HideSolutionNode = FALSE
	EndGlobalSection
EndGlobal
